<?xml version="1.0" encoding="utf-8"?>
<Project ToolsVersion="4.0" xmlns="http://schemas.microsoft.com/developer/msbuild/2003">
  <ItemGroup>
    <Filter Include="源文件">
      <UniqueIdentifier>{4FC737F1-C7A5-4376-A066-2A32D752A2FF}</UniqueIdentifier>
      <Extensions>cpp;c;cc;cxx;c++;cppm;ixx;def;odl;idl;hpj;bat;asm;asmx</Extensions>
    </Filter>
    <Filter Include="头文件">
      <UniqueIdentifier>{93995380-89BD-4b04-88EB-625FBE52EBFB}</UniqueIdentifier>
      <Extensions>h;hh;hpp;hxx;h++;hm;inl;inc;ipp;xsd</Extensions>
    </Filter>
    <Filter Include="资源文件">
      <UniqueIdentifier>{67DA6AB6-F800-4c08-8B7A-83BB121AAD01}</UniqueIdentifier>
      <Extensions>rc;ico;cur;bmp;dlg;rc2;rct;bin;rgs;gif;jpg;jpeg;jpe;resx;tiff;tif;png;wav;mfcribbon-ms</Extensions>
    </Filter>
  </ItemGroup>
  <ItemGroup>
    <ClCompile Include="src\main.cpp">
      <Filter>源文件</Filter>
    </ClCompile>
    <ClCompile Include="src\head\window.cpp">
      <Filter>源文件</Filter>
    </ClCompile>
    <ClCompile Include="src\head\std_image.cpp">
      <Filter>源文件</Filter>
    </ClCompile>
    <ClCompile Include="src\head\shader.cpp">
      <Filter>源文件</Filter>
    </ClCompile>
    <ClCompile Include="src\head\Texture.cpp">
      <Filter>源文件</Filter>
    </ClCompile>
    <ClCompile Include="src\head\camera.cpp">
      <Filter>源文件</Filter>
    </ClCompile>
    <ClCompile Include="src\head\Tool.cpp">
      <Filter>源文件</Filter>
    </ClCompile>
    <ClCompile Include="src\head\light.cpp">
      <Filter>源文件</Filter>
    </ClCompile>
    <ClCompile Include="src\head\Mesh.cpp">
      <Filter>源文件</Filter>
    </ClCompile>
    <ClCompile Include="src\head\Model.cpp">
      <Filter>源文件</Filter>
    </ClCompile>
  </ItemGroup>
  <ItemGroup>
    <ClInclude Include="src\head\window.h">
      <Filter>头文件</Filter>
    </ClInclude>
    <ClInclude Include="src\head\stb_image.h">
      <Filter>头文件</Filter>
    </ClInclude>
    <ClInclude Include="src\head\shader.h">
      <Filter>头文件</Filter>
    </ClInclude>
    <ClInclude Include="src\head\Texture.h">
      <Filter>头文件</Filter>
    </ClInclude>
    <ClInclude Include="src\head\camera.h">
      <Filter>头文件</Filter>
    </ClInclude>
    <ClInclude Include="src\head\Tool.h">
      <Filter>头文件</Filter>
    </ClInclude>
    <ClInclude Include="src\head\CallBack.h">
      <Filter>头文件</Filter>
    </ClInclude>
    <ClInclude Include="src\head\light.h">
      <Filter>头文件</Filter>
    </ClInclude>
    <ClInclude Include="src\head\Mesh.h">
      <Filter>头文件</Filter>
    </ClInclude>
    <ClInclude Include="src\head\Model.h">
      <Filter>头文件</Filter>
    </ClInclude>
  </ItemGroup>
  <ItemGroup>
    <None Include="src\shaderLib\vertex.glsl" />
    <None Include="src\shaderLib\fragment.glsl" />
    <None Include="src\shaderLib\lightVertex.glsl" />
    <None Include="src\shaderLib\lightFrag.glsl" />
    <None Include="src\shaderLib\modelVertex.glsl" />
    <None Include="src\shaderLib\modelFrag.glsl" />
    <None Include="src\shaderLib\depthTestV.glsl" />
    <None Include="src\shaderLib\depthTestF.glsl" />
    <None Include="src\shaderLib\cubeTexV.glsl" />
    <None Include="src\shaderLib\cubeTexF.glsl" />
    <None Include="src\shaderLib\GeoV.glsl" />
    <None Include="src\shaderLib\GeoF.glsl" />
    <None Include="src\shaderLib\GeoG.glsl" />
    <None Include="src\shaderLib\normalDisplayV.glsl" />
    <None Include="src\shaderLib\normalDisplayG.glsl" />
    <None Include="src\shaderLib\normalDisplayF.glsl" />
  </ItemGroup>
  <ItemGroup>
    <Image Include="src\texture\test.jpg">
      <Filter>资源文件</Filter>
    </Image>
    <Image Include="src\texture\container.jpg">
      <Filter>资源文件</Filter>
    </Image>
    <Image Include="src\texture\container2.png">
      <Filter>资源文件</Filter>
    </Image>
    <Image Include="src\texture\container2_specular.png">
      <Filter>资源文件</Filter>
    </Image>
    <Image Include="src\texture\metal.png">
      <Filter>资源文件</Filter>
    </Image>
    <Image Include="src\texture\skybox\skybox\back.jpg">
      <Filter>资源文件</Filter>
    </Image>
    <Image Include="src\texture\skybox\skybox\bottom.jpg">
      <Filter>资源文件</Filter>
    </Image>
    <Image Include="src\texture\skybox\skybox\front.jpg">
      <Filter>资源文件</Filter>
    </Image>
    <Image Include="src\texture\skybox\skybox\left.jpg">
      <Filter>资源文件</Filter>
    </Image>
    <Image Include="src\texture\skybox\skybox\right.jpg">
      <Filter>资源文件</Filter>
    </Image>
    <Image Include="src\texture\skybox\skybox\top.jpg">
      <Filter>资源文件</Filter>
    </Image>
  </ItemGroup>
</Project>